
Microsoft Visual Studio Solution File, Format Version 12.00
# Visual Studio Version 16
VisualStudioVersion = 16.0.29102.190
MinimumVisualStudioVersion = 10.0.40219.1
Project("{FAE04EC0-301F-11D3-BF4B-00C04F79EFBC}") = "ConsoleBlog", "ConsoleBlog\ConsoleBlog.csproj", "{06EADDF1-27DE-4F61-9364-B84A3548C768}"
EndProject
Global
	GlobalSection(SolutionConfigurationPlatforms) = preSolution
		Debug|Any CPU = Debug|Any CPU
		Release|Any CPU = Release|Any CPU
	EndGlobalSection
	GlobalSection(ProjectConfigurationPlatforms) = postSolution
		{06EADDF1-27DE-4F61-9364-B84A3548C768}.Debug|Any CPU.ActiveCfg = Debug|Any CPU
		{06EADDF1-27DE-4F61-9364-B84A3548C768}.Debug|Any CPU.Build.0 = Debug|Any CPU
		{06EADDF1-27DE-4F61-9364-B84A3548C768}.Release|Any CPU.ActiveCfg = Release|Any CPU
		{06EADDF1-27DE-4F61-9364-B84A3548C768}.Release|Any CPU.Build.0 = Release|Any CPU
	EndGlobalSection
	GlobalSection(SolutionProperties) = preSolution
		HideSolutionNode = FALSE
	EndGlobalSection
	GlobalSection(ExtensibilityGlobals) = postSolution
		SolutionGuid = {2C56F1D0-2F39-418F-9FD4-BB350DEF0C55}
	EndGlobalSection
EndGlobal
